
Microsoft Visual Studio Solution File, Format Version 12.00
# Visual Studio Version 17
VisualStudioVersion = 17.5.33424.131
MinimumVisualStudioVersion = 10.0.40219.1
Project("{9A19103F-16F7-4668-BE54-9A1E7A4F7556}") = "C-Sharp-Basic", "C-Sharp-Basic.csproj", "{B2AD0D78-D150-425B-8BB8-2EAB1ADD46BC}"
EndProject
Global
	GlobalSection(SolutionConfigurationPlatforms) = preSolution
		Debug|Any CPU = Debug|Any CPU
		Release|Any CPU = Release|Any CPU
	EndGlobalSection
	GlobalSection(ProjectConfigurationPlatforms) = postSolution
		{B2AD0D78-D150-425B-8BB8-2EAB1ADD46BC}.Debug|Any CPU.ActiveCfg = Debug|Any CPU
		{B2AD0D78-D150-425B-8BB8-2EAB1ADD46BC}.Debug|Any CPU.Build.0 = Debug|Any CPU
		{B2AD0D78-D150-425B-8BB8-2EAB1ADD46BC}.Release|Any CPU.ActiveCfg = Release|Any CPU
		{B2AD0D78-D150-425B-8BB8-2EAB1ADD46BC}.Release|Any CPU.Build.0 = Release|Any CPU
	EndGlobalSection
	GlobalSection(SolutionProperties) = preSolution
		HideSolutionNode = FALSE
	EndGlobalSection
	GlobalSection(ExtensibilityGlobals) = postSolution
		SolutionGuid = {91B46DF4-DBB0-4B53-986F-C486F649D2D9}
	EndGlobalSection
EndGlobal
